
Microsoft Visual Studio Solution File, Format Version 12.00
# Visual Studio Version 16
VisualStudioVersion = 16.0.30320.27
MinimumVisualStudioVersion = 10.0.40219.1
Project("{FAE04EC0-301F-11D3-BF4B-00C04F79EFBC}") = "Yahoo Earthquake Simple", "Yahoo Earthquake Simple\Yahoo Earthquake Simple.csproj", "{A6BF8E5B-9370-439D-8D39-670BE0EE0E11}"
EndProject
Global
	GlobalSection(SolutionConfigurationPlatforms) = preSolution
		Debug|Any CPU = Debug|Any CPU
		Release|Any CPU = Release|Any CPU
	EndGlobalSection
	GlobalSection(ProjectConfigurationPlatforms) = postSolution
		{A6BF8E5B-9370-439D-8D39-670BE0EE0E11}.Debug|Any CPU.ActiveCfg = Debug|Any CPU
		{A6BF8E5B-9370-439D-8D39-670BE0EE0E11}.Debug|Any CPU.Build.0 = Debug|Any CPU
		{A6BF8E5B-9370-439D-8D39-670BE0EE0E11}.Release|Any CPU.ActiveCfg = Release|Any CPU
		{A6BF8E5B-9370-439D-8D39-670BE0EE0E11}.Release|Any CPU.Build.0 = Release|Any CPU
	EndGlobalSection
	GlobalSection(SolutionProperties) = preSolution
		HideSolutionNode = FALSE
	EndGlobalSection
	GlobalSection(ExtensibilityGlobals) = postSolution
		SolutionGuid = {F9F62C1D-4269-459D-8D6E-1EBC3B467EF5}
	EndGlobalSection
EndGlobal
